{
  "name": "boring-gemini",
  "version": "15.0.0",
  "lockfileVersion": 3,
  "requires": true,
  "packages": {
    "": {
      "name": "boring-gemini",
      "version": "15.0.0",
      "dependencies": {
        "opencode-ai": "^1.1.25"
      }
    },
    "node_modules/opencode-ai": {
      "version": "1.1.25",
      "resolved": "https://registry.npmjs.org/opencode-ai/-/opencode-ai-1.1.25.tgz",
      "integrity": "sha512-+vMa18V8XO9xLzl3FjV+2k53rwJBve7Te0U7cVFZODjGlzASvwbFXBvk5V/tlL27VnTuFGNsDg1UhQJVOeEpZg==",
      "hasInstallScript": true,
      "bin": {
        "opencode": "bin/opencode"
      },
      "optionalDependencies": {
        "opencode-darwin-arm64": "1.1.25",
        "opencode-darwin-x64": "1.1.25",
        "opencode-darwin-x64-baseline": "1.1.25",
        "opencode-linux-arm64": "1.1.25",
        "opencode-linux-arm64-musl": "1.1.25",
        "opencode-linux-x64": "1.1.25",
        "opencode-linux-x64-baseline": "1.1.25",
        "opencode-linux-x64-baseline-musl": "1.1.25",
        "opencode-linux-x64-musl": "1.1.25",
        "opencode-windows-x64": "1.1.25",
        "opencode-windows-x64-baseline": "1.1.25"
      }
    },
    "node_modules/opencode-darwin-arm64": {
      "version": "1.1.25",
      "resolved": "https://registry.npmjs.org/opencode-darwin-arm64/-/opencode-darwin-arm64-1.1.25.tgz",
      "integrity": "sha512-PH93BvG+hePWq6tt8MjMlSqHD7oWojHTlGElXswpJQ15IlbvHFY7cF4r9QnUCXlfRclnVAst8oFz8EVojYM8/w==",
      "cpu": [
        "arm64"
      ],
      "optional": true,
      "os": [
        "darwin"
      ]
    },
    "node_modules/opencode-darwin-x64": {
      "version": "1.1.25",
      "resolved": "https://registry.npmjs.org/opencode-darwin-x64/-/opencode-darwin-x64-1.1.25.tgz",
      "integrity": "sha512-rNZYDkcDdFMylI+boXbNIM//7+YotwEug4NvkzLyWvcsG4NYpOQxu2I2zn6BNuJENjcgoLbTy3zPl2oZ+FLsVw==",
      "cpu": [
        "x64"
      ],
      "optional": true,
      "os": [
        "darwin"
      ]
    },
    "node_modules/opencode-darwin-x64-baseline": {
      "version": "1.1.25",
      "resolved": "https://registry.npmjs.org/opencode-darwin-x64-baseline/-/opencode-darwin-x64-baseline-1.1.25.tgz",
      "integrity": "sha512-XqACck0XmrLF5UPU+dmJasfImMsK/N5BWoqJnSs1wKbIf5rk7u4VS/lO+d7mk2GpL0hV4ILs7m8GQkHHt4LM0w==",
      "cpu": [
        "x64"
      ],
      "optional": true,
      "os": [
        "darwin"
      ]
    },
    "node_modules/opencode-linux-arm64": {
      "version": "1.1.25",
      "resolved": "https://registry.npmjs.org/opencode-linux-arm64/-/opencode-linux-arm64-1.1.25.tgz",
      "integrity": "sha512-OUNGxePy3dcjbh5dLjbDEeBhL275hds7TtI1bVbAq191H3dhKGg/zZyk4v5JWJzH/T7wXiziISaHVN6SroWpdA==",
      "cpu": [
        "arm64"
      ],
      "optional": true,
      "os": [
        "linux"
      ]
    },
    "node_modules/opencode-linux-arm64-musl": {
      "version": "1.1.25",
      "resolved": "https://registry.npmjs.org/opencode-linux-arm64-musl/-/opencode-linux-arm64-musl-1.1.25.tgz",
      "integrity": "sha512-M/M30QoHgcn3I+56GGw5MnPbSbzMQfLJsXWjK17qwji4FklKlVo0UxQ7/a8v0aaZzOouurUuDR4a4+TGQKjnZg==",
      "cpu": [
        "arm64"
      ],
      "optional": true,
      "os": [
        "linux"
      ]
    },
    "node_modules/opencode-linux-x64": {
      "version": "1.1.25",
      "resolved": "https://registry.npmjs.org/opencode-linux-x64/-/opencode-linux-x64-1.1.25.tgz",
      "integrity": "sha512-/5L4L2TINPMPPYdeUHq/Ij6ek1Vlg8cfvx/7WV2hU/O+GrRbmD5XFSwfHABTaxTdAquzQRveH9kKXYQggZlY+g==",
      "cpu": [
        "x64"
      ],
      "optional": true,
      "os": [
        "linux"
      ]
    },
    "node_modules/opencode-linux-x64-baseline": {
      "version": "1.1.25",
      "resolved": "https://registry.npmjs.org/opencode-linux-x64-baseline/-/opencode-linux-x64-baseline-1.1.25.tgz",
      "integrity": "sha512-r12zpXDf/EJr330Sz1F3U/T0EJ7J0lZ4pVG06s0Ud29NjzUAEtMOxvRYvJcUCiC2E/tk3pEf5AQ1lP8zYS69TA==",
      "cpu": [
        "x64"
      ],
      "optional": true,
      "os": [
        "linux"
      ]
    },
    "node_modules/opencode-linux-x64-baseline-musl": {
      "version": "1.1.25",
      "resolved": "https://registry.npmjs.org/opencode-linux-x64-baseline-musl/-/opencode-linux-x64-baseline-musl-1.1.25.tgz",
      "integrity": "sha512-V3WuZlfGx+hwcjJPlODNzUpuJDrpPUOhdinbXK557ldfOzt4tPk1sN41h7IRi14sWf3xvaKclWE4jiQS0XW/6g==",
      "cpu": [
        "x64"
      ],
      "optional": true,
      "os": [
        "linux"
      ]
    },
    "node_modules/opencode-linux-x64-musl": {
      "version": "1.1.25",
      "resolved": "https://registry.npmjs.org/opencode-linux-x64-musl/-/opencode-linux-x64-musl-1.1.25.tgz",
      "integrity": "sha512-UbmDRE6P2iecfFp6QfDoLah7X6+4KY1BAIQZ/+avr5DcfgPlM2P2CNYaIB071urdJKFS6TWNAsMRhqCsjbroHw==",
      "cpu": [
        "x64"
      ],
      "optional": true,
      "os": [
        "linux"
      ]
    },
    "node_modules/opencode-windows-x64": {
      "version": "1.1.25",
      "resolved": "https://registry.npmjs.org/opencode-windows-x64/-/opencode-windows-x64-1.1.25.tgz",
      "integrity": "sha512-9w0KPvAiXN0uk4TwI7lHHY86r53W3F0MVZ1Za7N+t+/0bz9IIgAqqAxDFZZXrd8LlXpSoeTC4WIHpukWrCG+zg==",
      "cpu": [
        "x64"
      ],
      "optional": true,
      "os": [
        "win32"
      ]
    },
    "node_modules/opencode-windows-x64-baseline": {
      "version": "1.1.25",
      "resolved": "https://registry.npmjs.org/opencode-windows-x64-baseline/-/opencode-windows-x64-baseline-1.1.25.tgz",
      "integrity": "sha512-J7BaL3jYRYYmLvW0fGoVQq1OVmohtMmJT2f0qC8r99aUTEL1qtGconTWONJ0/64pVZbrghwNSTcrLJpvzhxTNg==",
      "cpu": [
        "x64"
      ],
      "optional": true,
      "os": [
        "win32"
      ]
    }
  }
}